<?xml version="1.0" encoding="utf-8"?>
<Project ToolsVersion="4.0" xmlns="http://schemas.microsoft.com/developer/msbuild/2003">
  <ItemGroup>
    <Filter Include="Source Files">
      <UniqueIdentifier>{4FC737F1-C7A5-4376-A066-2A32D752A2FF}</UniqueIdentifier>
      <Extensions>cpp;c;cc;cxx;def;odl;idl;hpj;bat;asm;asmx</Extensions>
    </Filter>
    <Filter Include="Header Files">
      <UniqueIdentifier>{93995380-89BD-4b04-88EB-625FBE52EBFB}</UniqueIdentifier>
      <Extensions>h;hh;hpp;hxx;hm;inl;inc;xsd</Extensions>
    </Filter>
    <Filter Include="Resource Files">
      <UniqueIdentifier>{67DA6AB6-F800-4c08-8B7A-83BB121AAD01}</UniqueIdentifier>
      <Extensions>rc;ico;cur;bmp;dlg;rc2;rct;bin;rgs;gif;jpg;jpeg;jpe;resx;tiff;tif;png;wav;mfcribbon-ms</Extensions>
    </Filter>
  </ItemGroup>
  <ItemGroup>
    <ClInclude Include="include\csgo\dsl\ast.hpp">
      <Filter>Header Files</Filter>
    </ClInclude>
    <ClInclude Include="include\csgo\compute_program.hpp">
      <Filter>Header Files</Filter>
    </ClInclude>
    <ClInclude Include="include\csgo\dsl\binary_expression.hpp">
      <Filter>Header Files</Filter>
    </ClInclude>
    <ClInclude Include="include\csgo\dsl\expression.hpp">
      <Filter>Header Files</Filter>
    </ClInclude>
    <ClInclude Include="include\csgo\dsl\function_call.hpp">
      <Filter>Header Files</Filter>
    </ClInclude>
    <ClInclude Include="include\csgo\dsl\intrinsic.hpp">
      <Filter>Header Files</Filter>
    </ClInclude>
    <ClInclude Include="include\csgo\dsl\symbol_table.hpp">
      <Filter>Header Files</Filter>
    </ClInclude>
    <ClInclude Include="include\csgo\in_place.hpp">
      <Filter>Header Files</Filter>
    </ClInclude>
    <ClInclude Include="include\csgo\dsl\type.hpp">
      <Filter>Header Files</Filter>
    </ClInclude>
    <ClInclude Include="include\csgo\type_traits.hpp">
      <Filter>Header Files</Filter>
    </ClInclude>
    <ClInclude Include="include\csgo\dsl\unary_expression.hpp">
      <Filter>Header Files</Filter>
    </ClInclude>
    <ClInclude Include="include\csgo\dsl\variable.hpp">
      <Filter>Header Files</Filter>
    </ClInclude>
    <ClInclude Include="include\csgo\meta\bare_naked.hpp">
      <Filter>Header Files</Filter>
    </ClInclude>
    <ClInclude Include="include\csgo\meta\callable_enable_if.hpp">
      <Filter>Header Files</Filter>
    </ClInclude>
    <ClInclude Include="include\csgo\meta\enable_disable.hpp">
      <Filter>Header Files</Filter>
    </ClInclude>
    <ClInclude Include="include\csgo\meta\bind_traits.hpp">
      <Filter>Header Files</Filter>
    </ClInclude>
    <ClInclude Include="include\csgo\meta\is_specialization.hpp">
      <Filter>Header Files</Filter>
    </ClInclude>
    <ClInclude Include="include\csgo\meta\logic.hpp">
      <Filter>Header Files</Filter>
    </ClInclude>
    <ClInclude Include="include\csgo\meta\qualify.hpp">
      <Filter>Header Files</Filter>
    </ClInclude>
    <ClInclude Include="include\csgo\meta\sfinae_types.hpp">
      <Filter>Header Files</Filter>
    </ClInclude>
    <ClInclude Include="include\csgo\meta\tuple_tricks.hpp">
      <Filter>Header Files</Filter>
    </ClInclude>
    <ClInclude Include="include\csgo\meta\types.hpp">
      <Filter>Header Files</Filter>
    </ClInclude>
    <ClInclude Include="include\csgo\meta\unqualified.hpp">
      <Filter>Header Files</Filter>
    </ClInclude>
    <ClInclude Include="include\csgo\meta\unwrap.hpp">
      <Filter>Header Files</Filter>
    </ClInclude>
    <ClInclude Include="include\csgo\meta\void_type.hpp">
      <Filter>Header Files</Filter>
    </ClInclude>
    <ClInclude Include="include\csgo\variant.hpp">
      <Filter>Header Files</Filter>
    </ClInclude>
    <ClInclude Include="include\csgo\enums.hpp">
      <Filter>Header Files</Filter>
    </ClInclude>
    <ClInclude Include="include\csgo\error.hpp">
      <Filter>Header Files</Filter>
    </ClInclude>
    <ClInclude Include="include\csgo\gl_detail\gl_enums.hpp">
      <Filter>Header Files</Filter>
    </ClInclude>
    <ClInclude Include="include\csgo\shader.hpp">
      <Filter>Header Files</Filter>
    </ClInclude>
    <ClInclude Include="include\csgo\csgo.hpp">
      <Filter>Header Files</Filter>
    </ClInclude>
    <ClInclude Include="include\csgo\Expression.hpp">
      <Filter>Header Files</Filter>
    </ClInclude>
    <ClInclude Include="include\csgo\gl\gl_4_5.core.hpp">
      <Filter>Header Files</Filter>
    </ClInclude>
    <ClInclude Include="include\csgo\graphics_device.hpp">
      <Filter>Header Files</Filter>
    </ClInclude>
    <ClInclude Include="include\csgo\Input.hpp">
      <Filter>Header Files</Filter>
    </ClInclude>
    <ClInclude Include="include\csgo\platform_gl.hpp">
      <Filter>Header Files</Filter>
    </ClInclude>
    <ClInclude Include="include\csgo\Primitives.hpp">
      <Filter>Header Files</Filter>
    </ClInclude>
    <ClInclude Include="include\csgo\shader_source.hpp">
      <Filter>Header Files</Filter>
    </ClInclude>
    <ClInclude Include="include\csgo\shader_stage.hpp">
      <Filter>Header Files</Filter>
    </ClInclude>
    <ClInclude Include="include\csgo\vendor_glfw.hpp">
      <Filter>Header Files</Filter>
    </ClInclude>
    <ClInclude Include="examples\main.hpp">
      <Filter>Header Files</Filter>
    </ClInclude>
    <ClInclude Include="include\csgo\dsl\var.hpp">
      <Filter>Header Files</Filter>
    </ClInclude>
    <ClInclude Include="include\csgo\dsl\statement.hpp">
      <Filter>Header Files</Filter>
    </ClInclude>
    <ClInclude Include="include\csgo\dsl\generator.hpp">
      <Filter>Header Files</Filter>
    </ClInclude>
    <ClInclude Include="include\csgo\workgroup.hpp">
      <Filter>Header Files</Filter>
    </ClInclude>
    <ClInclude Include="include\csgo\dsl\variable_id.hpp">
      <Filter>Header Files</Filter>
    </ClInclude>
    <ClInclude Include="include\csgo\qualifiers.hpp">
      <Filter>Header Files</Filter>
    </ClInclude>
    <ClInclude Include="include\csgo\memory_qualifier.hpp">
      <Filter>Header Files</Filter>
    </ClInclude>
    <ClInclude Include="include\csgo\format_qualifier.hpp">
      <Filter>Header Files</Filter>
    </ClInclude>
    <ClInclude Include="include\csgo\glsl\glsl_generator.hpp">
      <Filter>Header Files</Filter>
    </ClInclude>
    <ClInclude Include="include\csgo\glsl\to_string.hpp">
      <Filter>Header Files</Filter>
    </ClInclude>
    <ClInclude Include="include\csgo\dsl\ir_program.hpp">
      <Filter>Header Files</Filter>
    </ClInclude>
    <ClInclude Include="include\csgo\program.hpp">
      <Filter>Header Files</Filter>
    </ClInclude>
    <ClInclude Include="include\csgo\glsl\compiler.hpp">
      <Filter>Header Files</Filter>
    </ClInclude>
    <ClInclude Include="include\csgo\gl_detail\gl_functions.hpp">
      <Filter>Header Files</Filter>
    </ClInclude>
    <ClInclude Include="include\csgo\gl_detail\gl.hpp">
      <Filter>Header Files</Filter>
    </ClInclude>
    <ClInclude Include="include\csgo\entry_point.hpp">
      <Filter>Header Files</Filter>
    </ClInclude>
    <ClInclude Include="include\csgo\built_in.hpp">
      <Filter>Header Files</Filter>
    </ClInclude>
    <ClInclude Include="include\csgo\binary_operations.hpp">
      <Filter>Header Files</Filter>
    </ClInclude>
    <ClInclude Include="include\csgo\unary_operations.hpp">
      <Filter>Header Files</Filter>
    </ClInclude>
  </ItemGroup>
  <ItemGroup>
    <ClCompile Include="source\gl\gl_4_5.core.cpp">
      <Filter>Source Files</Filter>
    </ClCompile>
    <ClCompile Include="examples\main.cpp">
      <Filter>Source Files</Filter>
    </ClCompile>
    <ClCompile Include="examples\function_based.cpp">
      <Filter>Source Files</Filter>
    </ClCompile>
  </ItemGroup>
</Project>